
Microsoft Visual Studio Solution File, Format Version 12.00
# Visual Studio 15
VisualStudioVersion = 15.0.28307.572
MinimumVisualStudioVersion = 10.0.40219.1
Project("{FAE04EC0-301F-11D3-BF4B-00C04F79EFBC}") = "SRP", "SRP\SRP.csproj", "{AB4A95F0-09D7-48A3-AE02-8E4CBB2DC32C}"
EndProject
Global
	GlobalSection(SolutionConfigurationPlatforms) = preSolution
		Debug|Any CPU = Debug|Any CPU
		Release|Any CPU = Release|Any CPU
	EndGlobalSection
	GlobalSection(ProjectConfigurationPlatforms) = postSolution
		{AB4A95F0-09D7-48A3-AE02-8E4CBB2DC32C}.Debug|Any CPU.ActiveCfg = Debug|Any CPU
		{AB4A95F0-09D7-48A3-AE02-8E4CBB2DC32C}.Debug|Any CPU.Build.0 = Debug|Any CPU
		{AB4A95F0-09D7-48A3-AE02-8E4CBB2DC32C}.Release|Any CPU.ActiveCfg = Release|Any CPU
		{AB4A95F0-09D7-48A3-AE02-8E4CBB2DC32C}.Release|Any CPU.Build.0 = Release|Any CPU
	EndGlobalSection
	GlobalSection(SolutionProperties) = preSolution
		HideSolutionNode = FALSE
	EndGlobalSection
	GlobalSection(ExtensibilityGlobals) = postSolution
		SolutionGuid = {EFB620F1-3149-4E0D-B4F5-9AB3CD28BC5A}
	EndGlobalSection
EndGlobal
